<?xml version="1.0" encoding="utf-8"?>
<Project ToolsVersion="4.0" xmlns="http://schemas.microsoft.com/developer/msbuild/2003">
  <ItemGroup>
    <Filter Include="Generated Files">
      <UniqueIdentifier>{71ED8ED8-ACB9-4CE9-BBE1-E00B30144E11}</UniqueIdentifier>
      <Extensions>cpp;c;cxx;moc;h;def;odl;idl;res;</Extensions>
    </Filter>
    <Filter Include="Generated Files">
      <UniqueIdentifier>{71ED8ED8-ACB9-4CE9-BBE1-E00B30144E11}</UniqueIdentifier>
      <Extensions>cpp;c;cxx;moc;h;def;odl;idl;res;</Extensions>
    </Filter>
    <Filter Include="Header Files">
      <UniqueIdentifier>{93995380-89BD-4b04-88EB-625FBE52EBFB}</UniqueIdentifier>
      <Extensions>h;hpp;hxx;hm;inl;inc;xsd</Extensions>
    </Filter>
    <Filter Include="Header Files">
      <UniqueIdentifier>{93995380-89BD-4b04-88EB-625FBE52EBFB}</UniqueIdentifier>
      <Extensions>h;hpp;hxx;hm;inl;inc;xsd</Extensions>
    </Filter>
    <Filter Include="Source Files">
      <UniqueIdentifier>{4FC737F1-C7A5-4376-A066-2A32D752A2FF}</UniqueIdentifier>
      <Extensions>cpp;c;cxx;def;odl;idl;hpj;bat;asm;asmx</Extensions>
    </Filter>
    <Filter Include="Source Files">
      <UniqueIdentifier>{4FC737F1-C7A5-4376-A066-2A32D752A2FF}</UniqueIdentifier>
      <Extensions>cpp;c;cxx;def;odl;idl;hpj;bat;asm;asmx</Extensions>
    </Filter>
    <Filter Include="Generated Files\Debug">
      <UniqueIdentifier>{65617781-2a9f-4f8a-98d4-f5531c2c0b68}</UniqueIdentifier>
      <Extensions>cpp;moc</Extensions>
      <SourceControlFiles>False</SourceControlFiles>
    </Filter>
    <Filter Include="Generated Files\Release">
      <UniqueIdentifier>{bcd2d333-182a-467c-867e-04be7acb2461}</UniqueIdentifier>
      <Extensions>cpp;moc</Extensions>
      <SourceControlFiles>False</SourceControlFiles>
    </Filter>
  </ItemGroup>
  <ItemGroup>
    <ClCompile Include="intproperty.cpp">
      <Filter>Source Files</Filter>
    </ClCompile>
    <ClCompile Include="noobapluginbase.cpp">
      <Filter>Source Files</Filter>
    </ClCompile>
    <ClCompile Include="noobapluginbaseprivate.cpp">
      <Filter>Source Files</Filter>
    </ClCompile>
    <ClCompile Include="port.cpp">
      <Filter>Source Files</Filter>
    </ClCompile>
    <ClCompile Include="property.cpp">
      <Filter>Source Files</Filter>
    </ClCompile>
    <ClCompile Include="Debug\moc_intproperty.cpp">
      <Filter>Generated Files\Debug</Filter>
    </ClCompile>
    <ClCompile Include="Release\moc_intproperty.cpp">
      <Filter>Generated Files\Release</Filter>
    </ClCompile>
    <ClCompile Include="Debug\moc_noobapluginapi.cpp">
      <Filter>Generated Files\Debug</Filter>
    </ClCompile>
    <ClCompile Include="Release\moc_noobapluginapi.cpp">
      <Filter>Generated Files\Release</Filter>
    </ClCompile>
    <ClCompile Include="Debug\moc_noobapluginbase.cpp">
      <Filter>Generated Files\Debug</Filter>
    </ClCompile>
    <ClCompile Include="Release\moc_noobapluginbase.cpp">
      <Filter>Generated Files\Release</Filter>
    </ClCompile>
    <ClCompile Include="Debug\moc_port.cpp">
      <Filter>Generated Files\Debug</Filter>
    </ClCompile>
    <ClCompile Include="Release\moc_port.cpp">
      <Filter>Generated Files\Release</Filter>
    </ClCompile>
    <ClCompile Include="Debug\moc_property.cpp">
      <Filter>Generated Files\Debug</Filter>
    </ClCompile>
    <ClCompile Include="Release\moc_property.cpp">
      <Filter>Generated Files\Release</Filter>
    </ClCompile>
    <ClCompile Include="noobapluginapi.cpp">
      <Filter>Source Files</Filter>
    </ClCompile>
  </ItemGroup>
  <ItemGroup>
    <ClInclude Include="NoobaPluginAPI_global.h">
      <Filter>Header Files</Filter>
    </ClInclude>
    <ClInclude Include="apiglobal.h">
      <Filter>Header Files</Filter>
    </ClInclude>
    <CustomBuild Include="intproperty.h">
      <Filter>Header Files</Filter>
    </CustomBuild>
    <CustomBuild Include="noobapluginapi.h">
      <Filter>Header Files</Filter>
    </CustomBuild>
    <CustomBuild Include="noobapluginbase.h">
      <Filter>Header Files</Filter>
    </CustomBuild>
    <ClInclude Include="noobapluginbaseprivate.h">
      <Filter>Header Files</Filter>
    </ClInclude>
    <CustomBuild Include="port.h">
      <Filter>Header Files</Filter>
    </CustomBuild>
    <ClInclude Include="portprivate.h">
      <Filter>Header Files</Filter>
    </ClInclude>
    <CustomBuild Include="property.h">
      <Filter>Header Files</Filter>
    </CustomBuild>
    <ClInclude Include="propertyprivate.h">
      <Filter>Header Files</Filter>
    </ClInclude>
  </ItemGroup>
</Project>